{
  "name": "virtual-companion-airi-bridge",
  "lockfileVersion": 3,
  "requires": true,
  "packages": {
    "": {
      "name": "virtual-companion-airi-bridge",
      "dependencies": {
        "crossws": "0.4.5",
        "h3": "2.0.1-rc.20",
        "srvx": "0.11.15"
      },
      "devDependencies": {
        "@types/node": "24.0.15",
        "typescript": "5.9.2"
      }
    },
    "node_modules/@types/node": {
      "version": "24.0.15",
      "resolved": "https://registry.npmjs.org/@types/node/-/node-24.0.15.tgz",
      "integrity": "sha512-oaeTSbCef7U/z7rDeJA138xpG3NuKc64/rZ2qmUFkFJmnMsAPaluIifqyWd8hSSMxyP9oie3dLAqYPblag9KgA==",
      "dev": true,
      "license": "MIT",
      "dependencies": {
        "undici-types": "~7.8.0"
      }
    },
    "node_modules/crossws": {
      "version": "0.4.5",
      "resolved": "https://registry.npmjs.org/crossws/-/crossws-0.4.5.tgz",
      "integrity": "sha512-wUR89x/Rw7/8t+vn0CmGDYM9TD6VtARGb0LD5jq2wjtMy1vCP4M+sm6N6TigWeTYvnA8MoW29NqqXD0ep0rfBA==",
      "license": "MIT",
      "peerDependencies": {
        "srvx": ">=0.11.5"
      },
      "peerDependenciesMeta": {
        "srvx": {
          "optional": true
        }
      }
    },
    "node_modules/h3": {
      "version": "2.0.1-rc.20",
      "resolved": "https://registry.npmjs.org/h3/-/h3-2.0.1-rc.20.tgz",
      "integrity": "sha512-28ljodXuUp0fZovdiSRq4G9OgrxCztrJe5VdYzXAB7ueRvI7pIUqLU14Xi3XqdYJ/khXjfpUOOD2EQa6CmBgsg==",
      "license": "MIT",
      "dependencies": {
        "rou3": "^0.8.1",
        "srvx": "^0.11.13"
      },
      "bin": {
        "h3": "bin/h3.mjs"
      },
      "engines": {
        "node": ">=20.11.1"
      },
      "peerDependencies": {
        "crossws": "^0.4.1"
      },
      "peerDependenciesMeta": {
        "crossws": {
          "optional": true
        }
      }
    },
    "node_modules/rou3": {
      "version": "0.8.1",
      "resolved": "https://registry.npmjs.org/rou3/-/rou3-0.8.1.tgz",
      "integrity": "sha512-ePa+XGk00/3HuCqrEnK3LxJW7I0SdNg6EFzKUJG73hMAdDcOUC/i/aSz7LSDwLrGr33kal/rqOGydzwl6U7zBA==",
      "license": "MIT"
    },
    "node_modules/srvx": {
      "version": "0.11.15",
      "resolved": "https://registry.npmjs.org/srvx/-/srvx-0.11.15.tgz",
      "integrity": "sha512-iXsux0UcOjdvs0LCMa2Ws3WwcDUozA3JN3BquNXkaFPP7TpRqgunKdEgoZ/uwb1J6xaYHfxtz9Twlh6yzwM6Tg==",
      "license": "MIT",
      "bin": {
        "srvx": "bin/srvx.mjs"
      },
      "engines": {
        "node": ">=20.16.0"
      }
    },
    "node_modules/typescript": {
      "version": "5.9.2",
      "resolved": "https://registry.npmjs.org/typescript/-/typescript-5.9.2.tgz",
      "integrity": "sha512-CWBzXQrc/qOkhidw1OzBTQuYRbfyxDXJMVJ1XNwUHGROVmuaeiEm3OslpZ1RV96d7SKKjZKrSJu3+t/xlw3R9A==",
      "dev": true,
      "license": "Apache-2.0",
      "bin": {
        "tsc": "bin/tsc",
        "tsserver": "bin/tsserver"
      },
      "engines": {
        "node": ">=14.17"
      }
    },
    "node_modules/undici-types": {
      "version": "7.8.0",
      "resolved": "https://registry.npmjs.org/undici-types/-/undici-types-7.8.0.tgz",
      "integrity": "sha512-9UJ2xGDvQ43tYyVMpuHlsgApydB8ZKfVYTsLDhXkFL/6gfkp+U8xTGdh8pMJv1SpZna0zxG1DwsKZsreLbXBxw==",
      "dev": true,
      "license": "MIT"
    }
  }
}
